
Microsoft Visual Studio Solution File, Format Version 12.00
# Visual Studio Version 17
VisualStudioVersion = 17.10.34916.146
MinimumVisualStudioVersion = 10.0.40219.1
Project("{FAE04EC0-301F-11D3-BF4B-00C04F79EFBC}") = "Star_Wars", "Star_Wars.csproj", "{DC621AC3-DDF2-4662-A67C-C5F31B17BBB1}"
EndProject
Global
	GlobalSection(SolutionConfigurationPlatforms) = preSolution
		Debug|Any CPU = Debug|Any CPU
		Release|Any CPU = Release|Any CPU
	EndGlobalSection
	GlobalSection(ProjectConfigurationPlatforms) = postSolution
		{DC621AC3-DDF2-4662-A67C-C5F31B17BBB1}.Debug|Any CPU.ActiveCfg = Debug|Any CPU
		{DC621AC3-DDF2-4662-A67C-C5F31B17BBB1}.Debug|Any CPU.Build.0 = Debug|Any CPU
		{DC621AC3-DDF2-4662-A67C-C5F31B17BBB1}.Release|Any CPU.ActiveCfg = Release|Any CPU
		{DC621AC3-DDF2-4662-A67C-C5F31B17BBB1}.Release|Any CPU.Build.0 = Release|Any CPU
	EndGlobalSection
	GlobalSection(SolutionProperties) = preSolution
		HideSolutionNode = FALSE
	EndGlobalSection
	GlobalSection(ExtensibilityGlobals) = postSolution
		SolutionGuid = {694B8515-6184-430C-8D3B-26DC1665346B}
	EndGlobalSection
EndGlobal
